
Microsoft Visual Studio Solution File, Format Version 11.00
# Visual Studio 2010
Project("{8BC9CEB8-8B4A-11D0-8D11-00A0C91BC942}") = "geometry", "geometry\geometry.vcxproj", "{C4B69525-F6D8-4B6C-B565-ED535B1B2839}"
EndProject
Global
	GlobalSection(SolutionConfigurationPlatforms) = preSolution
		Debug|Win32 = Debug|Win32
		Release|Win32 = Release|Win32
	EndGlobalSection
	GlobalSection(ProjectConfigurationPlatforms) = postSolution
		{C4B69525-F6D8-4B6C-B565-ED535B1B2839}.Debug|Win32.ActiveCfg = Debug|Win32
		{C4B69525-F6D8-4B6C-B565-ED535B1B2839}.Debug|Win32.Build.0 = Debug|Win32
		{C4B69525-F6D8-4B6C-B565-ED535B1B2839}.Release|Win32.ActiveCfg = Release|Win32
		{C4B69525-F6D8-4B6C-B565-ED535B1B2839}.Release|Win32.Build.0 = Release|Win32
	EndGlobalSection
	GlobalSection(SolutionProperties) = preSolution
		HideSolutionNode = FALSE
	EndGlobalSection
EndGlobal
